
Microsoft Visual Studio Solution File, Format Version 12.00
# Visual Studio Version 17
VisualStudioVersion = 17.9.34728.123
MinimumVisualStudioVersion = 10.0.40219.1
Project("{FAE04EC0-301F-11D3-BF4B-00C04F79EFBC}") = "Assignment6.1.3", "Assignment6.1.3.csproj", "{C6F30CA7-7F9F-4692-BD6F-938CDB4B5989}"
EndProject
Global
	GlobalSection(SolutionConfigurationPlatforms) = preSolution
		Debug|Any CPU = Debug|Any CPU
		Release|Any CPU = Release|Any CPU
	EndGlobalSection
	GlobalSection(ProjectConfigurationPlatforms) = postSolution
		{C6F30CA7-7F9F-4692-BD6F-938CDB4B5989}.Debug|Any CPU.ActiveCfg = Debug|Any CPU
		{C6F30CA7-7F9F-4692-BD6F-938CDB4B5989}.Debug|Any CPU.Build.0 = Debug|Any CPU
		{C6F30CA7-7F9F-4692-BD6F-938CDB4B5989}.Release|Any CPU.ActiveCfg = Release|Any CPU
		{C6F30CA7-7F9F-4692-BD6F-938CDB4B5989}.Release|Any CPU.Build.0 = Release|Any CPU
	EndGlobalSection
	GlobalSection(SolutionProperties) = preSolution
		HideSolutionNode = FALSE
	EndGlobalSection
	GlobalSection(ExtensibilityGlobals) = postSolution
		SolutionGuid = {62466C9A-8E15-416F-AAE9-20F995019CC7}
	EndGlobalSection
EndGlobal
